
Microsoft Visual Studio Solution File, Format Version 12.00
# Visual Studio Version 17
VisualStudioVersion = 17.3.32819.101
MinimumVisualStudioVersion = 10.0.40219.1
Project("{9A19103F-16F7-4668-BE54-9A1E7A4F7556}") = "TP Parte 1 Corsiglia Gonzalo", "TP Parte 1 Corsiglia Gonzalo\TP Parte 1 Corsiglia Gonzalo.csproj", "{E202FDD4-7634-457B-9763-8EF18317C8D2}"
EndProject
Project("{FAE04EC0-301F-11D3-BF4B-00C04F79EFBC}") = "Domain", "Domain\Domain.csproj", "{34F72715-1958-47B1-9754-FCA422C913E9}"
EndProject
Project("{FAE04EC0-301F-11D3-BF4B-00C04F79EFBC}") = "Application", "Application\Application.csproj", "{70B60C5D-2FF7-403F-8726-32ED0AA63B3B}"
EndProject
Project("{FAE04EC0-301F-11D3-BF4B-00C04F79EFBC}") = "Infraestructure", "Infraestructure\Infraestructure.csproj", "{26A99F54-D5C6-4636-A978-C7B9369F37A0}"
EndProject
Global
	GlobalSection(SolutionConfigurationPlatforms) = preSolution
		Debug|Any CPU = Debug|Any CPU
		Release|Any CPU = Release|Any CPU
	EndGlobalSection
	GlobalSection(ProjectConfigurationPlatforms) = postSolution
		{E202FDD4-7634-457B-9763-8EF18317C8D2}.Debug|Any CPU.ActiveCfg = Debug|Any CPU
		{E202FDD4-7634-457B-9763-8EF18317C8D2}.Debug|Any CPU.Build.0 = Debug|Any CPU
		{E202FDD4-7634-457B-9763-8EF18317C8D2}.Release|Any CPU.ActiveCfg = Release|Any CPU
		{E202FDD4-7634-457B-9763-8EF18317C8D2}.Release|Any CPU.Build.0 = Release|Any CPU
		{34F72715-1958-47B1-9754-FCA422C913E9}.Debug|Any CPU.ActiveCfg = Debug|Any CPU
		{34F72715-1958-47B1-9754-FCA422C913E9}.Debug|Any CPU.Build.0 = Debug|Any CPU
		{34F72715-1958-47B1-9754-FCA422C913E9}.Release|Any CPU.ActiveCfg = Release|Any CPU
		{34F72715-1958-47B1-9754-FCA422C913E9}.Release|Any CPU.Build.0 = Release|Any CPU
		{70B60C5D-2FF7-403F-8726-32ED0AA63B3B}.Debug|Any CPU.ActiveCfg = Debug|Any CPU
		{70B60C5D-2FF7-403F-8726-32ED0AA63B3B}.Debug|Any CPU.Build.0 = Debug|Any CPU
		{70B60C5D-2FF7-403F-8726-32ED0AA63B3B}.Release|Any CPU.ActiveCfg = Release|Any CPU
		{70B60C5D-2FF7-403F-8726-32ED0AA63B3B}.Release|Any CPU.Build.0 = Release|Any CPU
		{26A99F54-D5C6-4636-A978-C7B9369F37A0}.Debug|Any CPU.ActiveCfg = Debug|Any CPU
		{26A99F54-D5C6-4636-A978-C7B9369F37A0}.Debug|Any CPU.Build.0 = Debug|Any CPU
		{26A99F54-D5C6-4636-A978-C7B9369F37A0}.Release|Any CPU.ActiveCfg = Release|Any CPU
		{26A99F54-D5C6-4636-A978-C7B9369F37A0}.Release|Any CPU.Build.0 = Release|Any CPU
	EndGlobalSection
	GlobalSection(SolutionProperties) = preSolution
		HideSolutionNode = FALSE
	EndGlobalSection
	GlobalSection(ExtensibilityGlobals) = postSolution
		SolutionGuid = {E8324F59-69A0-4F1F-8FED-F811266A3405}
	EndGlobalSection
EndGlobal
